// !$*UTF8*$!
{
	archiveVersion = 1;
	classes = {
	};
	objectVersion = 46;
	objects = {

/* Begin PBXBuildFile section */
		25B3985100F9F8C75761DD93 /* Pods_firebase_login_onboarding.framework in Frameworks */ = {isa = PBXBuildFile; fileRef = E56DFA02740EE90365058E68 /* Pods_firebase_login_onboarding.framework */; };
		7D992F89606D90091C1DAEE4 /* Pods_firebase_login_onboardingTests.framework in Frameworks */ = {isa = PBXBuildFile; fileRef = 9256FEAC37923A68256F0480 /* Pods_firebase_login_onboardingTests.framework */; };
		C0159D211ED8BAF700F72819 /* AppDelegate.swift in Sources */ = {isa = PBXBuildFile; fileRef = C0159D201ED8BAF700F72819 /* AppDelegate.swift */; };
		C0159D231ED8BAF800F72819 /* ViewController.swift in Sources */ = {isa = PBXBuildFile; fileRef = C0159D221ED8BAF800F72819 /* ViewController.swift */; };
		C0159D261ED8BAF800F72819 /* Main.storyboard in Resources */ = {isa = PBXBuildFile; fileRef = C0159D241ED8BAF800F72819 /* Main.storyboard */; };
		C0159D2B1ED8BAF800F72819 /* LaunchScreen.storyboard in Resources */ = {isa = PBXBuildFile; fileRef = C0159D291ED8BAF800F72819 /* LaunchScreen.storyboard */; };
		C0159D361ED8BAF800F72819 /* firebase_login_onboardingTests.swift in Sources */ = {isa = PBXBuildFile; fileRef = C0159D351ED8BAF800F72819 /* firebase_login_onboardingTests.swift */; };
		C0159D411ED8BFEC00F72819 /* GoogleService-Info.plist in Resources */ = {isa = PBXBuildFile; fileRef = C0159D401ED8BFEC00F72819 /* GoogleService-Info.plist */; };
		C0159D471ED8C3BC00F72819 /* OnboardingCollectionViewCell.swift in Sources */ = {isa = PBXBuildFile; fileRef = C0159D451ED8C3BC00F72819 /* OnboardingCollectionViewCell.swift */; };
		C0159D481ED8C3BC00F72819 /* OnboardingCollectionViewCell.xib in Resources */ = {isa = PBXBuildFile; fileRef = C0159D461ED8C3BC00F72819 /* OnboardingCollectionViewCell.xib */; };
		C0799F391ED95E4800E005D2 /* SignUpViewController.swift in Sources */ = {isa = PBXBuildFile; fileRef = C0799F381ED95E4800E005D2 /* SignUpViewController.swift */; };
		C09D11E91EDBC4BD0038CDC7 /* Assets.xcassets in Resources */ = {isa = PBXBuildFile; fileRef = C09D11E81EDBC4BD0038CDC7 /* Assets.xcassets */; };
		C0F429F71EDA30D100B6648D /* SucessViewController.swift in Sources */ = {isa = PBXBuildFile; fileRef = C0F429F61EDA30D100B6648D /* SucessViewController.swift */; };
		C0F429F91EDA3AE600B6648D /* LoginViewController.swift in Sources */ = {isa = PBXBuildFile; fileRef = C0F429F81EDA3AE600B6648D /* LoginViewController.swift */; };
/* End PBXBuildFile section */

/* Begin PBXContainerItemProxy section */
		C0159D321ED8BAF800F72819 /* PBXContainerItemProxy */ = {
			isa = PBXContainerItemProxy;
			containerPortal = C0159D151ED8BAF700F72819 /* Project object */;
			proxyType = 1;
			remoteGlobalIDString = C0159D1C1ED8BAF700F72819;
			remoteInfo = firebase_login_onboarding;
		};
/* End PBXContainerItemProxy section */

/* Begin PBXFileReference section */
		2E665C424D2F67A039C5DE1A /* Pods-firebase_login_onboardingTests.debug.xcconfig */ = {isa = PBXFileReference; includeInIndex = 1; lastKnownFileType = text.xcconfig; name = "Pods-firebase_login_onboardingTests.debug.xcconfig"; path = "Pods/Target Support Files/Pods-firebase_login_onboardingTests/Pods-firebase_login_onboardingTests.debug.xcconfig"; sourceTree = "<group>"; };
		362EDB1F7CC12E85D539FE0F /* Pods-firebase_login_onboardingTests.release.xcconfig */ = {isa = PBXFileReference; includeInIndex = 1; lastKnownFileType = text.xcconfig; name = "Pods-firebase_login_onboardingTests.release.xcconfig"; path = "Pods/Target Support Files/Pods-firebase_login_onboardingTests/Pods-firebase_login_onboardingTests.release.xcconfig"; sourceTree = "<group>"; };
		9256FEAC37923A68256F0480 /* Pods_firebase_login_onboardingTests.framework */ = {isa = PBXFileReference; explicitFileType = wrapper.framework; includeInIndex = 0; path = Pods_firebase_login_onboardingTests.framework; sourceTree = BUILT_PRODUCTS_DIR; };
		B12276200797770EE0C263B5 /* Pods-firebase_login_onboarding.release.xcconfig */ = {isa = PBXFileReference; includeInIndex = 1; lastKnownFileType = text.xcconfig; name = "Pods-firebase_login_onboarding.release.xcconfig"; path = "Pods/Target Support Files/Pods-firebase_login_onboarding/Pods-firebase_login_onboarding.release.xcconfig"; sourceTree = "<group>"; };
		C0159D1D1ED8BAF700F72819 /* firebase_login_onboarding.app */ = {isa = PBXFileReference; explicitFileType = wrapper.application; includeInIndex = 0; path = firebase_login_onboarding.app; sourceTree = BUILT_PRODUCTS_DIR; };
		C0159D201ED8BAF700F72819 /* AppDelegate.swift */ = {isa = PBXFileReference; lastKnownFileType = sourcecode.swift; path = AppDelegate.swift; sourceTree = "<group>"; };
		C0159D221ED8BAF800F72819 /* ViewController.swift */ = {isa = PBXFileReference; lastKnownFileType = sourcecode.swift; path = ViewController.swift; sourceTree = "<group>"; };
		C0159D251ED8BAF800F72819 /* Base */ = {isa = PBXFileReference; lastKnownFileType = file.storyboard; name = Base; path = Base.lproj/Main.storyboard; sourceTree = "<group>"; };
		C0159D2A1ED8BAF800F72819 /* Base */ = {isa = PBXFileReference; lastKnownFileType = file.storyboard; name = Base; path = Base.lproj/LaunchScreen.storyboard; sourceTree = "<group>"; };
		C0159D2C1ED8BAF800F72819 /* Info.plist */ = {isa = PBXFileReference; lastKnownFileType = text.plist.xml; path = Info.plist; sourceTree = "<group>"; };
		C0159D311ED8BAF800F72819 /* firebase_login_onboardingTests.xctest */ = {isa = PBXFileReference; explicitFileType = wrapper.cfbundle; includeInIndex = 0; path = firebase_login_onboardingTests.xctest; sourceTree = BUILT_PRODUCTS_DIR; };
		C0159D351ED8BAF800F72819 /* firebase_login_onboardingTests.swift */ = {isa = PBXFileReference; lastKnownFileType = sourcecode.swift; path = firebase_login_onboardingTests.swift; sourceTree = "<group>"; };
		C0159D371ED8BAF800F72819 /* Info.plist */ = {isa = PBXFileReference; lastKnownFileType = text.plist.xml; path = Info.plist; sourceTree = "<group>"; };
		C0159D401ED8BFEC00F72819 /* GoogleService-Info.plist */ = {isa = PBXFileReference; fileEncoding = 4; lastKnownFileType = text.plist.xml; path = "GoogleService-Info.plist"; sourceTree = "<group>"; };
		C0159D451ED8C3BC00F72819 /* OnboardingCollectionViewCell.swift */ = {isa = PBXFileReference; fileEncoding = 4; lastKnownFileType = sourcecode.swift; path = OnboardingCollectionViewCell.swift; sourceTree = "<group>"; };
		C0159D461ED8C3BC00F72819 /* OnboardingCollectionViewCell.xib */ = {isa = PBXFileReference; fileEncoding = 4; lastKnownFileType = file.xib; path = OnboardingCollectionViewCell.xib; sourceTree = "<group>"; };
		C0799F381ED95E4800E005D2 /* SignUpViewController.swift */ = {isa = PBXFileReference; fileEncoding = 4; lastKnownFileType = sourcecode.swift; path = SignUpViewController.swift; sourceTree = "<group>"; };
		C09D11E81EDBC4BD0038CDC7 /* Assets.xcassets */ = {isa = PBXFileReference; lastKnownFileType = folder.assetcatalog; name = Assets.xcassets; path = ../../../../.Trash/Assets.xcassets; sourceTree = "<group>"; };
		C0F429F61EDA30D100B6648D /* SucessViewController.swift */ = {isa = PBXFileReference; fileEncoding = 4; lastKnownFileType = sourcecode.swift; path = SucessViewController.swift; sourceTree = "<group>"; };
		C0F429F81EDA3AE600B6648D /* LoginViewController.swift */ = {isa = PBXFileReference; fileEncoding = 4; lastKnownFileType = sourcecode.swift; path = LoginViewController.swift; sourceTree = "<group>"; };
		E56DFA02740EE90365058E68 /* Pods_firebase_login_onboarding.framework */ = {isa = PBXFileReference; explicitFileType = wrapper.framework; includeInIndex = 0; path = Pods_firebase_login_onboarding.framework; sourceTree = BUILT_PRODUCTS_DIR; };
		FCFCC3BFD10F9870E6157D36 /* Pods-firebase_login_onboarding.debug.xcconfig */ = {isa = PBXFileReference; includeInIndex = 1; lastKnownFileType = text.xcconfig; name = "Pods-firebase_login_onboarding.debug.xcconfig"; path = "Pods/Target Support Files/Pods-firebase_login_onboarding/Pods-firebase_login_onboarding.debug.xcconfig"; sourceTree = "<group>"; };
/* End PBXFileReference section */

/* Begin PBXFrameworksBuildPhase section */
		C0159D1A1ED8BAF700F72819 /* Frameworks */ = {
			isa = PBXFrameworksBuildPhase;
			buildActionMask = 2147483647;
			files = (
				25B3985100F9F8C75761DD93 /* Pods_firebase_login_onboarding.framework in Frameworks */,
			);
			runOnlyForDeploymentPostprocessing = 0;
		};
		C0159D2E1ED8BAF800F72819 /* Frameworks */ = {
			isa = PBXFrameworksBuildPhase;
			buildActionMask = 2147483647;
			files = (
				7D992F89606D90091C1DAEE4 /* Pods_firebase_login_onboardingTests.framework in Frameworks */,
			);
			runOnlyForDeploymentPostprocessing = 0;
		};
/* End PBXFrameworksBuildPhase section */

/* Begin PBXGroup section */
		3B6266BCF283B63BA0ED80AF /* Pods */ = {
			isa = PBXGroup;
			children = (
				FCFCC3BFD10F9870E6157D36 /* Pods-firebase_login_onboarding.debug.xcconfig */,
				B12276200797770EE0C263B5 /* Pods-firebase_login_onboarding.release.xcconfig */,
				2E665C424D2F67A039C5DE1A /* Pods-firebase_login_onboardingTests.debug.xcconfig */,
				362EDB1F7CC12E85D539FE0F /* Pods-firebase_login_onboardingTests.release.xcconfig */,
			);
			name = Pods;
			sourceTree = "<group>";
		};
		7C72FF2844AFCBA19E41A061 /* Frameworks */ = {
			isa = PBXGroup;
			children = (
				E56DFA02740EE90365058E68 /* Pods_firebase_login_onboarding.framework */,
				9256FEAC37923A68256F0480 /* Pods_firebase_login_onboardingTests.framework */,
			);
			name = Frameworks;
			sourceTree = "<group>";
		};
		C0159D141ED8BAF700F72819 = {
			isa = PBXGroup;
			children = (
				C0159D1F1ED8BAF700F72819 /* firebase_login_onboarding */,
				C0159D341ED8BAF800F72819 /* firebase_login_onboardingTests */,
				C0159D1E1ED8BAF700F72819 /* Products */,
				3B6266BCF283B63BA0ED80AF /* Pods */,
				7C72FF2844AFCBA19E41A061 /* Frameworks */,
			);
			sourceTree = "<group>";
		};
		C0159D1E1ED8BAF700F72819 /* Products */ = {
			isa = PBXGroup;
			children = (
				C0159D1D1ED8BAF700F72819 /* firebase_login_onboarding.app */,
				C0159D311ED8BAF800F72819 /* firebase_login_onboardingTests.xctest */,
			);
			name = Products;
			sourceTree = "<group>";
		};
		C0159D1F1ED8BAF700F72819 /* firebase_login_onboarding */ = {
			isa = PBXGroup;
			children = (
				C0159D421ED8C2AD00F72819 /* Views */,
				C0159D201ED8BAF700F72819 /* AppDelegate.swift */,
				C0159D221ED8BAF800F72819 /* ViewController.swift */,
				C0799F381ED95E4800E005D2 /* SignUpViewController.swift */,
				C0F429F81EDA3AE600B6648D /* LoginViewController.swift */,
				C0F429F61EDA30D100B6648D /* SucessViewController.swift */,
				C0159D241ED8BAF800F72819 /* Main.storyboard */,
				C09D11E81EDBC4BD0038CDC7 /* Assets.xcassets */,
				C0159D291ED8BAF800F72819 /* LaunchScreen.storyboard */,
				C0159D401ED8BFEC00F72819 /* GoogleService-Info.plist */,
				C0159D2C1ED8BAF800F72819 /* Info.plist */,
			);
			path = firebase_login_onboarding;
			sourceTree = "<group>";
		};
		C0159D341ED8BAF800F72819 /* firebase_login_onboardingTests */ = {
			isa = PBXGroup;
			children = (
				C0159D351ED8BAF800F72819 /* firebase_login_onboardingTests.swift */,
				C0159D371ED8BAF800F72819 /* Info.plist */,
			);
			path = firebase_login_onboardingTests;
			sourceTree = "<group>";
		};
		C0159D421ED8C2AD00F72819 /* Views */ = {
			isa = PBXGroup;
			children = (
				C0159D451ED8C3BC00F72819 /* OnboardingCollectionViewCell.swift */,
				C0159D461ED8C3BC00F72819 /* OnboardingCollectionViewCell.xib */,
			);
			name = Views;
			sourceTree = "<group>";
		};
/* End PBXGroup section */

/* Begin PBXNativeTarget section */
		C0159D1C1ED8BAF700F72819 /* firebase_login_onboarding */ = {
			isa = PBXNativeTarget;
			buildConfigurationList = C0159D3A1ED8BAF800F72819 /* Build configuration list for PBXNativeTarget "firebase_login_onboarding" */;
			buildPhases = (
				3EC484B506BFAD9A7B7B053E /* [CP] Check Pods Manifest.lock */,
				C0159D191ED8BAF700F72819 /* Sources */,
				C0159D1A1ED8BAF700F72819 /* Frameworks */,
				C0159D1B1ED8BAF700F72819 /* Resources */,
				C9B0EC667F49A0CB4DAE3667 /* [CP] Embed Pods Frameworks */,
				1AACD49626137B362086EE93 /* [CP] Copy Pods Resources */,
			);
			buildRules = (
			);
			dependencies = (
			);
			name = firebase_login_onboarding;
			productName = firebase_login_onboarding;
			productReference = C0159D1D1ED8BAF700F72819 /* firebase_login_onboarding.app */;
			productType = "com.apple.product-type.application";
		};
		C0159D301ED8BAF800F72819 /* firebase_login_onboardingTests */ = {
			isa = PBXNativeTarget;
			buildConfigurationList = C0159D3D1ED8BAF800F72819 /* Build configuration list for PBXNativeTarget "firebase_login_onboardingTests" */;
			buildPhases = (
				6F0D9CF9F4E49A8781874641 /* [CP] Check Pods Manifest.lock */,
				C0159D2D1ED8BAF800F72819 /* Sources */,
				C0159D2E1ED8BAF800F72819 /* Frameworks */,
				C0159D2F1ED8BAF800F72819 /* Resources */,
				AAE0BF665391C0EB255B6676 /* [CP] Embed Pods Frameworks */,
				AE8870319B4172D3EB0CD59E /* [CP] Copy Pods Resources */,
			);
			buildRules = (
			);
			dependencies = (
				C0159D331ED8BAF800F72819 /* PBXTargetDependency */,
			);
			name = firebase_login_onboardingTests;
			productName = firebase_login_onboardingTests;
			productReference = C0159D311ED8BAF800F72819 /* firebase_login_onboardingTests.xctest */;
			productType = "com.apple.product-type.bundle.unit-test";
		};
/* End PBXNativeTarget section */

/* Begin PBXProject section */
		C0159D151ED8BAF700F72819 /* Project object */ = {
			isa = PBXProject;
			attributes = {
				LastSwiftUpdateCheck = 0830;
				LastUpgradeCheck = 0830;
				ORGANIZATIONNAME = "Marquavious Draggon";
				TargetAttributes = {
					C0159D1C1ED8BAF700F72819 = {
						CreatedOnToolsVersion = 8.3.2;
						DevelopmentTeam = HGS8K6RYR7;
						ProvisioningStyle = Automatic;
					};
					C0159D301ED8BAF800F72819 = {
						CreatedOnToolsVersion = 8.3.2;
						DevelopmentTeam = HGS8K6RYR7;
						ProvisioningStyle = Automatic;
						TestTargetID = C0159D1C1ED8BAF700F72819;
					};
				};
			};
			buildConfigurationList = C0159D181ED8BAF700F72819 /* Build configuration list for PBXProject "firebase_login_onboarding" */;
			compatibilityVersion = "Xcode 3.2";
			developmentRegion = English;
			hasScannedForEncodings = 0;
			knownRegions = (
				en,
				Base,
			);
			mainGroup = C0159D141ED8BAF700F72819;
			productRefGroup = C0159D1E1ED8BAF700F72819 /* Products */;
			projectDirPath = "";
			projectRoot = "";
			targets = (
				C0159D1C1ED8BAF700F72819 /* firebase_login_onboarding */,
				C0159D301ED8BAF800F72819 /* firebase_login_onboardingTests */,
			);
		};
/* End PBXProject section */

/* Begin PBXResourcesBuildPhase section */
		C0159D1B1ED8BAF700F72819 /* Resources */ = {
			isa = PBXResourcesBuildPhase;
			buildActionMask = 2147483647;
			files = (
				C0159D2B1ED8BAF800F72819 /* LaunchScreen.storyboard in Resources */,
				C0159D411ED8BFEC00F72819 /* GoogleService-Info.plist in Resources */,
				C0159D481ED8C3BC00F72819 /* OnboardingCollectionViewCell.xib in Resources */,
				C0159D261ED8BAF800F72819 /* Main.storyboard in Resources */,
				C09D11E91EDBC4BD0038CDC7 /* Assets.xcassets in Resources */,
			);
			runOnlyForDeploymentPostprocessing = 0;
		};
		C0159D2F1ED8BAF800F72819 /* Resources */ = {
			isa = PBXResourcesBuildPhase;
			buildActionMask = 2147483647;
			files = (
			);
			runOnlyForDeploymentPostprocessing = 0;
		};
/* End PBXResourcesBuildPhase section */

/* Begin PBXShellScriptBuildPhase section */
		1AACD49626137B362086EE93 /* [CP] Copy Pods Resources */ = {
			isa = PBXShellScriptBuildPhase;
			buildActionMask = 2147483647;
			files = (
			);
			inputPaths = (
			);
			name = "[CP] Copy Pods Resources";
			outputPaths = (
			);
			runOnlyForDeploymentPostprocessing = 0;
			shellPath = /bin/sh;
			shellScript = "\"${SRCROOT}/Pods/Target Support Files/Pods-firebase_login_onboarding/Pods-firebase_login_onboarding-resources.sh\"\n";
			showEnvVarsInLog = 0;
		};
		3EC484B506BFAD9A7B7B053E /* [CP] Check Pods Manifest.lock */ = {
			isa = PBXShellScriptBuildPhase;
			buildActionMask = 2147483647;
			files = (
			);
			inputPaths = (
			);
			name = "[CP] Check Pods Manifest.lock";
			outputPaths = (
			);
			runOnlyForDeploymentPostprocessing = 0;
			shellPath = /bin/sh;
			shellScript = "diff \"${PODS_ROOT}/../Podfile.lock\" \"${PODS_ROOT}/Manifest.lock\" > /dev/null\nif [ $? != 0 ] ; then\n    # print error to STDERR\n    echo \"error: The sandbox is not in sync with the Podfile.lock. Run 'pod install' or update your CocoaPods installation.\" >&2\n    exit 1\nfi\n";
			showEnvVarsInLog = 0;
		};
		6F0D9CF9F4E49A8781874641 /* [CP] Check Pods Manifest.lock */ = {
			isa = PBXShellScriptBuildPhase;
			buildActionMask = 2147483647;
			files = (
			);
			inputPaths = (
			);
			name = "[CP] Check Pods Manifest.lock";
			outputPaths = (
			);
			runOnlyForDeploymentPostprocessing = 0;
			shellPath = /bin/sh;
			shellScript = "diff \"${PODS_ROOT}/../Podfile.lock\" \"${PODS_ROOT}/Manifest.lock\" > /dev/null\nif [ $? != 0 ] ; then\n    # print error to STDERR\n    echo \"error: The sandbox is not in sync with the Podfile.lock. Run 'pod install' or update your CocoaPods installation.\" >&2\n    exit 1\nfi\n";
			showEnvVarsInLog = 0;
		};
		AAE0BF665391C0EB255B6676 /* [CP] Embed Pods Frameworks */ = {
			isa = PBXShellScriptBuildPhase;
			buildActionMask = 2147483647;
			files = (
			);
			inputPaths = (
			);
			name = "[CP] Embed Pods Frameworks";
			outputPaths = (
			);
			runOnlyForDeploymentPostprocessing = 0;
			shellPath = /bin/sh;
			shellScript = "\"${SRCROOT}/Pods/Target Support Files/Pods-firebase_login_onboardingTests/Pods-firebase_login_onboardingTests-frameworks.sh\"\n";
			showEnvVarsInLog = 0;
		};
		AE8870319B4172D3EB0CD59E /* [CP] Copy Pods Resources */ = {
			isa = PBXShellScriptBuildPhase;
			buildActionMask = 2147483647;
			files = (
			);
			inputPaths = (
			);
			name = "[CP] Copy Pods Resources";
			outputPaths = (
			);
			runOnlyForDeploymentPostprocessing = 0;
			shellPath = /bin/sh;
			shellScript = "\"${SRCROOT}/Pods/Target Support Files/Pods-firebase_login_onboardingTests/Pods-firebase_login_onboardingTests-resources.sh\"\n";
			showEnvVarsInLog = 0;
		};
		C9B0EC667F49A0CB4DAE3667 /* [CP] Embed Pods Frameworks */ = {
			isa = PBXShellScriptBuildPhase;
			buildActionMask = 2147483647;
			files = (
			);
			inputPaths = (
			);
			name = "[CP] Embed Pods Frameworks";
			outputPaths = (
			);
			runOnlyForDeploymentPostprocessing = 0;
			shellPath = /bin/sh;
			shellScript = "\"${SRCROOT}/Pods/Target Support Files/Pods-firebase_login_onboarding/Pods-firebase_login_onboarding-frameworks.sh\"\n";
			showEnvVarsInLog = 0;
		};
/* End PBXShellScriptBuildPhase section */

/* Begin PBXSourcesBuildPhase section */
		C0159D191ED8BAF700F72819 /* Sources */ = {
			isa = PBXSourcesBuildPhase;
			buildActionMask = 2147483647;
			files = (
				C0F429F91EDA3AE600B6648D /* LoginViewController.swift in Sources */,
				C0159D231ED8BAF800F72819 /* ViewController.swift in Sources */,
				C0159D211ED8BAF700F72819 /* AppDelegate.swift in Sources */,
				C0799F391ED95E4800E005D2 /* SignUpViewController.swift in Sources */,
				C0F429F71EDA30D100B6648D /* SucessViewController.swift in Sources */,
				C0159D471ED8C3BC00F72819 /* OnboardingCollectionViewCell.swift in Sources */,
			);
			runOnlyForDeploymentPostprocessing = 0;
		};
		C0159D2D1ED8BAF800F72819 /* Sources */ = {
			isa = PBXSourcesBuildPhase;
			buildActionMask = 2147483647;
			files = (
				C0159D361ED8BAF800F72819 /* firebase_login_onboardingTests.swift in Sources */,
			);
			runOnlyForDeploymentPostprocessing = 0;
		};
/* End PBXSourcesBuildPhase section */

/* Begin PBXTargetDependency section */
		C0159D331ED8BAF800F72819 /* PBXTargetDependency */ = {
			isa = PBXTargetDependency;
			target = C0159D1C1ED8BAF700F72819 /* firebase_login_onboarding */;
			targetProxy = C0159D321ED8BAF800F72819 /* PBXContainerItemProxy */;
		};
/* End PBXTargetDependency section */

/* Begin PBXVariantGroup section */
		C0159D241ED8BAF800F72819 /* Main.storyboard */ = {
			isa = PBXVariantGroup;
			children = (
				C0159D251ED8BAF800F72819 /* Base */,
			);
			name = Main.storyboard;
			sourceTree = "<group>";
		};
		C0159D291ED8BAF800F72819 /* LaunchScreen.storyboard */ = {
			isa = PBXVariantGroup;
			children = (
				C0159D2A1ED8BAF800F72819 /* Base */,
			);
			name = LaunchScreen.storyboard;
			sourceTree = "<group>";
		};
/* End PBXVariantGroup section */

/* Begin XCBuildConfiguration section */
		C0159D381ED8BAF800F72819 /* Debug */ = {
			isa = XCBuildConfiguration;
			buildSettings = {
				ALWAYS_SEARCH_USER_PATHS = NO;
				CLANG_ANALYZER_NONNULL = YES;
				CLANG_ANALYZER_NUMBER_OBJECT_CONVERSION = YES_AGGRESSIVE;
				CLANG_CXX_LANGUAGE_STANDARD = "gnu++0x";
				CLANG_CXX_LIBRARY = "libc++";
				CLANG_ENABLE_MODULES = YES;
				CLANG_ENABLE_OBJC_ARC = YES;
				CLANG_WARN_BOOL_CONVERSION = YES;
				CLANG_WARN_CONSTANT_CONVERSION = YES;
				CLANG_WARN_DIRECT_OBJC_ISA_USAGE = YES_ERROR;
				CLANG_WARN_DOCUMENTATION_COMMENTS = YES;
				CLANG_WARN_EMPTY_BODY = YES;
				CLANG_WARN_ENUM_CONVERSION = YES;
				CLANG_WARN_INFINITE_RECURSION = YES;
				CLANG_WARN_INT_CONVERSION = YES;
				CLANG_WARN_OBJC_ROOT_CLASS = YES_ERROR;
				CLANG_WARN_SUSPICIOUS_MOVE = YES;
				CLANG_WARN_UNREACHABLE_CODE = YES;
				CLANG_WARN__DUPLICATE_METHOD_MATCH = YES;
				"CODE_SIGN_IDENTITY[sdk=iphoneos*]" = "iPhone Developer";
				COPY_PHASE_STRIP = NO;
				DEBUG_INFORMATION_FORMAT = dwarf;
				ENABLE_STRICT_OBJC_MSGSEND = YES;
				ENABLE_TESTABILITY = YES;
				GCC_C_LANGUAGE_STANDARD = gnu99;
				GCC_DYNAMIC_NO_PIC = NO;
				GCC_NO_COMMON_BLOCKS = YES;
				GCC_OPTIMIZATION_LEVEL = 0;
				GCC_PREPROCESSOR_DEFINITIONS = (
					"DEBUG=1",
					"$(inherited)",
				);
				GCC_WARN_64_TO_32_BIT_CONVERSION = YES;
				GCC_WARN_ABOUT_RETURN_TYPE = YES_ERROR;
				GCC_WARN_UNDECLARED_SELECTOR = YES;
				GCC_WARN_UNINITIALIZED_AUTOS = YES_AGGRESSIVE;
				GCC_WARN_UNUSED_FUNCTION = YES;
				GCC_WARN_UNUSED_VARIABLE = YES;
				IPHONEOS_DEPLOYMENT_TARGET = 10.3;
				MTL_ENABLE_DEBUG_INFO = YES;
				ONLY_ACTIVE_ARCH = YES;
				SDKROOT = iphoneos;
				SWIFT_ACTIVE_COMPILATION_CONDITIONS = DEBUG;
				SWIFT_OPTIMIZATION_LEVEL = "-Onone";
			};
			name = Debug;
		};
		C0159D391ED8BAF800F72819 /* Release */ = {
			isa = XCBuildConfiguration;
			buildSettings = {
				ALWAYS_SEARCH_USER_PATHS = NO;
				CLANG_ANALYZER_NONNULL = YES;
				CLANG_ANALYZER_NUMBER_OBJECT_CONVERSION = YES_AGGRESSIVE;
				CLANG_CXX_LANGUAGE_STANDARD = "gnu++0x";
				CLANG_CXX_LIBRARY = "libc++";
				CLANG_ENABLE_MODULES = YES;
				CLANG_ENABLE_OBJC_ARC = YES;
				CLANG_WARN_BOOL_CONVERSION = YES;
				CLANG_WARN_CONSTANT_CONVERSION = YES;
				CLANG_WARN_DIRECT_OBJC_ISA_USAGE = YES_ERROR;
				CLANG_WARN_DOCUMENTATION_COMMENTS = YES;
				CLANG_WARN_EMPTY_BODY = YES;
				CLANG_WARN_ENUM_CONVERSION = YES;
				CLANG_WARN_INFINITE_RECURSION = YES;
				CLANG_WARN_INT_CONVERSION = YES;
				CLANG_WARN_OBJC_ROOT_CLASS = YES_ERROR;
				CLANG_WARN_SUSPICIOUS_MOVE = YES;
				CLANG_WARN_UNREACHABLE_CODE = YES;
				CLANG_WARN__DUPLICATE_METHOD_MATCH = YES;
				"CODE_SIGN_IDENTITY[sdk=iphoneos*]" = "iPhone Developer";
				COPY_PHASE_STRIP = NO;
				DEBUG_INFORMATION_FORMAT = "dwarf-with-dsym";
				ENABLE_NS_ASSERTIONS = NO;
				ENABLE_STRICT_OBJC_MSGSEND = YES;
				GCC_C_LANGUAGE_STANDARD = gnu99;
				GCC_NO_COMMON_BLOCKS = YES;
				GCC_WARN_64_TO_32_BIT_CONVERSION = YES;
				GCC_WARN_ABOUT_RETURN_TYPE = YES_ERROR;
				GCC_WARN_UNDECLARED_SELECTOR = YES;
				GCC_WARN_UNINITIALIZED_AUTOS = YES_AGGRESSIVE;
				GCC_WARN_UNUSED_FUNCTION = YES;
				GCC_WARN_UNUSED_VARIABLE = YES;
				IPHONEOS_DEPLOYMENT_TARGET = 10.3;
				MTL_ENABLE_DEBUG_INFO = NO;
				SDKROOT = iphoneos;
				SWIFT_OPTIMIZATION_LEVEL = "-Owholemodule";
				VALIDATE_PRODUCT = YES;
			};
			name = Release;
		};
		C0159D3B1ED8BAF800F72819 /* Debug */ = {
			isa = XCBuildConfiguration;
			baseConfigurationReference = FCFCC3BFD10F9870E6157D36 /* Pods-firebase_login_onboarding.debug.xcconfig */;
			buildSettings = {
				ASSETCATALOG_COMPILER_APPICON_NAME = AppIcon;
				DEVELOPMENT_TEAM = HGS8K6RYR7;
				INFOPLIST_FILE = firebase_login_onboarding/Info.plist;
				LD_RUNPATH_SEARCH_PATHS = "$(inherited) @executable_path/Frameworks";
				PRODUCT_BUNDLE_IDENTIFIER = "com.marquavious.firebase-login-onboarding";
				PRODUCT_NAME = "$(TARGET_NAME)";
				SWIFT_VERSION = 3.0;
			};
			name = Debug;
		};
		C0159D3C1ED8BAF800F72819 /* Release */ = {
			isa = XCBuildConfiguration;
			baseConfigurationReference = B12276200797770EE0C263B5 /* Pods-firebase_login_onboarding.release.xcconfig */;
			buildSettings = {
				ASSETCATALOG_COMPILER_APPICON_NAME = AppIcon;
				DEVELOPMENT_TEAM = HGS8K6RYR7;
				INFOPLIST_FILE = firebase_login_onboarding/Info.plist;
				LD_RUNPATH_SEARCH_PATHS = "$(inherited) @executable_path/Frameworks";
				PRODUCT_BUNDLE_IDENTIFIER = "com.marquavious.firebase-login-onboarding";
				PRODUCT_NAME = "$(TARGET_NAME)";
				SWIFT_VERSION = 3.0;
			};
			name = Release;
		};
		C0159D3E1ED8BAF800F72819 /* Debug */ = {
			isa = XCBuildConfiguration;
			baseConfigurationReference = 2E665C424D2F67A039C5DE1A /* Pods-firebase_login_onboardingTests.debug.xcconfig */;
			buildSettings = {
				ALWAYS_EMBED_SWIFT_STANDARD_LIBRARIES = YES;
				BUNDLE_LOADER = "$(TEST_HOST)";
				DEVELOPMENT_TEAM = HGS8K6RYR7;
				INFOPLIST_FILE = firebase_login_onboardingTests/Info.plist;
				LD_RUNPATH_SEARCH_PATHS = "$(inherited) @executable_path/Frameworks @loader_path/Frameworks";
				PRODUCT_BUNDLE_IDENTIFIER = "com.marquavious.firebase-login-onboardingTests";
				PRODUCT_NAME = "$(TARGET_NAME)";
				SWIFT_VERSION = 3.0;
				TEST_HOST = "$(BUILT_PRODUCTS_DIR)/firebase_login_onboarding.app/firebase_login_onboarding";
			};
			name = Debug;
		};
		C0159D3F1ED8BAF800F72819 /* Release */ = {
			isa = XCBuildConfiguration;
			baseConfigurationReference = 362EDB1F7CC12E85D539FE0F /* Pods-firebase_login_onboardingTests.release.xcconfig */;
			buildSettings = {
				ALWAYS_EMBED_SWIFT_STANDARD_LIBRARIES = YES;
				BUNDLE_LOADER = "$(TEST_HOST)";
				DEVELOPMENT_TEAM = HGS8K6RYR7;
				INFOPLIST_FILE = firebase_login_onboardingTests/Info.plist;
				LD_RUNPATH_SEARCH_PATHS = "$(inherited) @executable_path/Frameworks @loader_path/Frameworks";
				PRODUCT_BUNDLE_IDENTIFIER = "com.marquavious.firebase-login-onboardingTests";
				PRODUCT_NAME = "$(TARGET_NAME)";
				SWIFT_VERSION = 3.0;
				TEST_HOST = "$(BUILT_PRODUCTS_DIR)/firebase_login_onboarding.app/firebase_login_onboarding";
			};
			name = Release;
		};
/* End XCBuildConfiguration section */

/* Begin XCConfigurationList section */
		C0159D181ED8BAF700F72819 /* Build configuration list for PBXProject "firebase_login_onboarding" */ = {
			isa = XCConfigurationList;
			buildConfigurations = (
				C0159D381ED8BAF800F72819 /* Debug */,
				C0159D391ED8BAF800F72819 /* Release */,
			);
			defaultConfigurationIsVisible = 0;
			defaultConfigurationName = Release;
		};
		C0159D3A1ED8BAF800F72819 /* Build configuration list for PBXNativeTarget "firebase_login_onboarding" */ = {
			isa = XCConfigurationList;
			buildConfigurations = (
				C0159D3B1ED8BAF800F72819 /* Debug */,
				C0159D3C1ED8BAF800F72819 /* Release */,
			);
			defaultConfigurationIsVisible = 0;
			defaultConfigurationName = Release;
		};
		C0159D3D1ED8BAF800F72819 /* Build configuration list for PBXNativeTarget "firebase_login_onboardingTests" */ = {
			isa = XCConfigurationList;
			buildConfigurations = (
				C0159D3E1ED8BAF800F72819 /* Debug */,
				C0159D3F1ED8BAF800F72819 /* Release */,
			);
			defaultConfigurationIsVisible = 0;
			defaultConfigurationName = Release;
		};
/* End XCConfigurationList section */
	};
	rootObject = C0159D151ED8BAF700F72819 /* Project object */;
}
